// !$*UTF8*$!
{
	archiveVersion = 1;
	classes = {
	};
	objectVersion = 46;
	objects = {

/* Begin PBXBuildFile section */
		8DBA95981AD4A94100D0218F /* AppDelegate.swift in Sources */ = {isa = PBXBuildFile; fileRef = 8DBA95971AD4A94100D0218F /* AppDelegate.swift */; };
		8DBA959A1AD4A94100D0218F /* ViewController.swift in Sources */ = {isa = PBXBuildFile; fileRef = 8DBA95991AD4A94100D0218F /* ViewController.swift */; };
		8DBA959D1AD4A94100D0218F /* Main.storyboard in Resources */ = {isa = PBXBuildFile; fileRef = 8DBA959B1AD4A94100D0218F /* Main.storyboard */; };
		8DBA959F1AD4A94100D0218F /* Images.xcassets in Resources */ = {isa = PBXBuildFile; fileRef = 8DBA959E1AD4A94100D0218F /* Images.xcassets */; };
		8DBA95A21AD4A94100D0218F /* LaunchScreen.xib in Resources */ = {isa = PBXBuildFile; fileRef = 8DBA95A01AD4A94100D0218F /* LaunchScreen.xib */; };
		8DBA95AE1AD4A94100D0218F /* viewOrientationTests.swift in Sources */ = {isa = PBXBuildFile; fileRef = 8DBA95AD1AD4A94100D0218F /* viewOrientationTests.swift */; };
/* End PBXBuildFile section */

/* Begin PBXContainerItemProxy section */
		8DBA95A81AD4A94100D0218F /* PBXContainerItemProxy */ = {
			isa = PBXContainerItemProxy;
			containerPortal = 8DBA958A1AD4A94100D0218F /* Project object */;
			proxyType = 1;
			remoteGlobalIDString = 8DBA95911AD4A94100D0218F;
			remoteInfo = viewOrientation;
		};
/* End PBXContainerItemProxy section */

/* Begin PBXFileReference section */
		8DBA95921AD4A94100D0218F /* viewOrientation.app */ = {isa = PBXFileReference; explicitFileType = wrapper.application; includeInIndex = 0; path = viewOrientation.app; sourceTree = BUILT_PRODUCTS_DIR; };
		8DBA95961AD4A94100D0218F /* Info.plist */ = {isa = PBXFileReference; lastKnownFileType = text.plist.xml; path = Info.plist; sourceTree = "<group>"; };
		8DBA95971AD4A94100D0218F /* AppDelegate.swift */ = {isa = PBXFileReference; lastKnownFileType = sourcecode.swift; path = AppDelegate.swift; sourceTree = "<group>"; };
		8DBA95991AD4A94100D0218F /* ViewController.swift */ = {isa = PBXFileReference; lastKnownFileType = sourcecode.swift; path = ViewController.swift; sourceTree = "<group>"; };
		8DBA959C1AD4A94100D0218F /* Base */ = {isa = PBXFileReference; lastKnownFileType = file.storyboard; name = Base; path = Base.lproj/Main.storyboard; sourceTree = "<group>"; };
		8DBA959E1AD4A94100D0218F /* Images.xcassets */ = {isa = PBXFileReference; lastKnownFileType = folder.assetcatalog; path = Images.xcassets; sourceTree = "<group>"; };
		8DBA95A11AD4A94100D0218F /* Base */ = {isa = PBXFileReference; lastKnownFileType = file.xib; name = Base; path = Base.lproj/LaunchScreen.xib; sourceTree = "<group>"; };
		8DBA95A71AD4A94100D0218F /* viewOrientationTests.xctest */ = {isa = PBXFileReference; explicitFileType = wrapper.cfbundle; includeInIndex = 0; path = viewOrientationTests.xctest; sourceTree = BUILT_PRODUCTS_DIR; };
		8DBA95AC1AD4A94100D0218F /* Info.plist */ = {isa = PBXFileReference; lastKnownFileType = text.plist.xml; path = Info.plist; sourceTree = "<group>"; };
		8DBA95AD1AD4A94100D0218F /* viewOrientationTests.swift */ = {isa = PBXFileReference; lastKnownFileType = sourcecode.swift; path = viewOrientationTests.swift; sourceTree = "<group>"; };
/* End PBXFileReference section */

/* Begin PBXFrameworksBuildPhase section */
		8DBA958F1AD4A94100D0218F /* Frameworks */ = {
			isa = PBXFrameworksBuildPhase;
			buildActionMask = 2147483647;
			files = (
			);
			runOnlyForDeploymentPostprocessing = 0;
		};
		8DBA95A41AD4A94100D0218F /* Frameworks */ = {
			isa = PBXFrameworksBuildPhase;
			buildActionMask = 2147483647;
			files = (
			);
			runOnlyForDeploymentPostprocessing = 0;
		};
/* End PBXFrameworksBuildPhase section */

/* Begin PBXGroup section */
		8DBA95891AD4A94100D0218F = {
			isa = PBXGroup;
			children = (
				8DBA95941AD4A94100D0218F /* viewOrientation */,
				8DBA95AA1AD4A94100D0218F /* viewOrientationTests */,
				8DBA95931AD4A94100D0218F /* Products */,
			);
			sourceTree = "<group>";
		};
		8DBA95931AD4A94100D0218F /* Products */ = {
			isa = PBXGroup;
			children = (
				8DBA95921AD4A94100D0218F /* viewOrientation.app */,
				8DBA95A71AD4A94100D0218F /* viewOrientationTests.xctest */,
			);
			name = Products;
			sourceTree = "<group>";
		};
		8DBA95941AD4A94100D0218F /* viewOrientation */ = {
			isa = PBXGroup;
			children = (
				8DBA95971AD4A94100D0218F /* AppDelegate.swift */,
				8DBA95991AD4A94100D0218F /* ViewController.swift */,
				8DBA959B1AD4A94100D0218F /* Main.storyboard */,
				8DBA959E1AD4A94100D0218F /* Images.xcassets */,
				8DBA95A01AD4A94100D0218F /* LaunchScreen.xib */,
				8DBA95951AD4A94100D0218F /* Supporting Files */,
			);
			path = viewOrientation;
			sourceTree = "<group>";
		};
		8DBA95951AD4A94100D0218F /* Supporting Files */ = {
			isa = PBXGroup;
			children = (
				8DBA95961AD4A94100D0218F /* Info.plist */,
			);
			name = "Supporting Files";
			sourceTree = "<group>";
		};
		8DBA95AA1AD4A94100D0218F /* viewOrientationTests */ = {
			isa = PBXGroup;
			children = (
				8DBA95AD1AD4A94100D0218F /* viewOrientationTests.swift */,
				8DBA95AB1AD4A94100D0218F /* Supporting Files */,
			);
			path = viewOrientationTests;
			sourceTree = "<group>";
		};
		8DBA95AB1AD4A94100D0218F /* Supporting Files */ = {
			isa = PBXGroup;
			children = (
				8DBA95AC1AD4A94100D0218F /* Info.plist */,
			);
			name = "Supporting Files";
			sourceTree = "<group>";
		};
/* End PBXGroup section */

/* Begin PBXNativeTarget section */
		8DBA95911AD4A94100D0218F /* viewOrientation */ = {
			isa = PBXNativeTarget;
			buildConfigurationList = 8DBA95B11AD4A94100D0218F /* Build configuration list for PBXNativeTarget "viewOrientation" */;
			buildPhases = (
				8DBA958E1AD4A94100D0218F /* Sources */,
				8DBA958F1AD4A94100D0218F /* Frameworks */,
				8DBA95901AD4A94100D0218F /* Resources */,
			);
			buildRules = (
			);
			dependencies = (
			);
			name = viewOrientation;
			productName = viewOrientation;
			productReference = 8DBA95921AD4A94100D0218F /* viewOrientation.app */;
			productType = "com.apple.product-type.application";
		};
		8DBA95A61AD4A94100D0218F /* viewOrientationTests */ = {
			isa = PBXNativeTarget;
			buildConfigurationList = 8DBA95B41AD4A94100D0218F /* Build configuration list for PBXNativeTarget "viewOrientationTests" */;
			buildPhases = (
				8DBA95A31AD4A94100D0218F /* Sources */,
				8DBA95A41AD4A94100D0218F /* Frameworks */,
				8DBA95A51AD4A94100D0218F /* Resources */,
			);
			buildRules = (
			);
			dependencies = (
				8DBA95A91AD4A94100D0218F /* PBXTargetDependency */,
			);
			name = viewOrientationTests;
			productName = viewOrientationTests;
			productReference = 8DBA95A71AD4A94100D0218F /* viewOrientationTests.xctest */;
			productType = "com.apple.product-type.bundle.unit-test";
		};
/* End PBXNativeTarget section */

/* Begin PBXProject section */
		8DBA958A1AD4A94100D0218F /* Project object */ = {
			isa = PBXProject;
			attributes = {
				LastUpgradeCheck = 0620;
				ORGANIZATIONNAME = "Fellas Group";
				TargetAttributes = {
					8DBA95911AD4A94100D0218F = {
						CreatedOnToolsVersion = 6.2;
					};
					8DBA95A61AD4A94100D0218F = {
						CreatedOnToolsVersion = 6.2;
						TestTargetID = 8DBA95911AD4A94100D0218F;
					};
				};
			};
			buildConfigurationList = 8DBA958D1AD4A94100D0218F /* Build configuration list for PBXProject "viewOrientation" */;
			compatibilityVersion = "Xcode 3.2";
			developmentRegion = English;
			hasScannedForEncodings = 0;
			knownRegions = (
				en,
				Base,
			);
			mainGroup = 8DBA95891AD4A94100D0218F;
			productRefGroup = 8DBA95931AD4A94100D0218F /* Products */;
			projectDirPath = "";
			projectRoot = "";
			targets = (
				8DBA95911AD4A94100D0218F /* viewOrientation */,
				8DBA95A61AD4A94100D0218F /* viewOrientationTests */,
			);
		};
/* End PBXProject section */

/* Begin PBXResourcesBuildPhase section */
		8DBA95901AD4A94100D0218F /* Resources */ = {
			isa = PBXResourcesBuildPhase;
			buildActionMask = 2147483647;
			files = (
				8DBA959D1AD4A94100D0218F /* Main.storyboard in Resources */,
				8DBA95A21AD4A94100D0218F /* LaunchScreen.xib in Resources */,
				8DBA959F1AD4A94100D0218F /* Images.xcassets in Resources */,
			);
			runOnlyForDeploymentPostprocessing = 0;
		};
		8DBA95A51AD4A94100D0218F /* Resources */ = {
			isa = PBXResourcesBuildPhase;
			buildActionMask = 2147483647;
			files = (
			);
			runOnlyForDeploymentPostprocessing = 0;
		};
/* End PBXResourcesBuildPhase section */

/* Begin PBXSourcesBuildPhase section */
		8DBA958E1AD4A94100D0218F /* Sources */ = {
			isa = PBXSourcesBuildPhase;
			buildActionMask = 2147483647;
			files = (
				8DBA959A1AD4A94100D0218F /* ViewController.swift in Sources */,
				8DBA95981AD4A94100D0218F /* AppDelegate.swift in Sources */,
			);
			runOnlyForDeploymentPostprocessing = 0;
		};
		8DBA95A31AD4A94100D0218F /* Sources */ = {
			isa = PBXSourcesBuildPhase;
			buildActionMask = 2147483647;
			files = (
				8DBA95AE1AD4A94100D0218F /* viewOrientationTests.swift in Sources */,
			);
			runOnlyForDeploymentPostprocessing = 0;
		};
/* End PBXSourcesBuildPhase section */

/* Begin PBXTargetDependency section */
		8DBA95A91AD4A94100D0218F /* PBXTargetDependency */ = {
			isa = PBXTargetDependency;
			target = 8DBA95911AD4A94100D0218F /* viewOrientation */;
			targetProxy = 8DBA95A81AD4A94100D0218F /* PBXContainerItemProxy */;
		};
/* End PBXTargetDependency section */

/* Begin PBXVariantGroup section */
		8DBA959B1AD4A94100D0218F /* Main.storyboard */ = {
			isa = PBXVariantGroup;
			children = (
				8DBA959C1AD4A94100D0218F /* Base */,
			);
			name = Main.storyboard;
			sourceTree = "<group>";
		};
		8DBA95A01AD4A94100D0218F /* LaunchScreen.xib */ = {
			isa = PBXVariantGroup;
			children = (
				8DBA95A11AD4A94100D0218F /* Base */,
			);
			name = LaunchScreen.xib;
			sourceTree = "<group>";
		};
/* End PBXVariantGroup section */

/* Begin XCBuildConfiguration section */
		8DBA95AF1AD4A94100D0218F /* Debug */ = {
			isa = XCBuildConfiguration;
			buildSettings = {
				ALWAYS_SEARCH_USER_PATHS = NO;
				CLANG_CXX_LANGUAGE_STANDARD = "gnu++0x";
				CLANG_CXX_LIBRARY = "libc++";
				CLANG_ENABLE_MODULES = YES;
				CLANG_ENABLE_OBJC_ARC = YES;
				CLANG_WARN_BOOL_CONVERSION = YES;
				CLANG_WARN_CONSTANT_CONVERSION = YES;
				CLANG_WARN_DIRECT_OBJC_ISA_USAGE = YES_ERROR;
				CLANG_WARN_EMPTY_BODY = YES;
				CLANG_WARN_ENUM_CONVERSION = YES;
				CLANG_WARN_INT_CONVERSION = YES;
				CLANG_WARN_OBJC_ROOT_CLASS = YES_ERROR;
				CLANG_WARN_UNREACHABLE_CODE = YES;
				CLANG_WARN__DUPLICATE_METHOD_MATCH = YES;
				"CODE_SIGN_IDENTITY[sdk=iphoneos*]" = "iPhone Developer";
				COPY_PHASE_STRIP = NO;
				ENABLE_STRICT_OBJC_MSGSEND = YES;
				GCC_C_LANGUAGE_STANDARD = gnu99;
				GCC_DYNAMIC_NO_PIC = NO;
				GCC_OPTIMIZATION_LEVEL = 0;
				GCC_PREPROCESSOR_DEFINITIONS = (
					"DEBUG=1",
					"$(inherited)",
				);
				GCC_SYMBOLS_PRIVATE_EXTERN = NO;
				GCC_WARN_64_TO_32_BIT_CONVERSION = YES;
				GCC_WARN_ABOUT_RETURN_TYPE = YES_ERROR;
				GCC_WARN_UNDECLARED_SELECTOR = YES;
				GCC_WARN_UNINITIALIZED_AUTOS = YES_AGGRESSIVE;
				GCC_WARN_UNUSED_FUNCTION = YES;
				GCC_WARN_UNUSED_VARIABLE = YES;
				IPHONEOS_DEPLOYMENT_TARGET = 8.2;
				MTL_ENABLE_DEBUG_INFO = YES;
				ONLY_ACTIVE_ARCH = YES;
				SDKROOT = iphoneos;
				SWIFT_OPTIMIZATION_LEVEL = "-Onone";
			};
			name = Debug;
		};
		8DBA95B01AD4A94100D0218F /* Release */ = {
			isa = XCBuildConfiguration;
			buildSettings = {
				ALWAYS_SEARCH_USER_PATHS = NO;
				CLANG_CXX_LANGUAGE_STANDARD = "gnu++0x";
				CLANG_CXX_LIBRARY = "libc++";
				CLANG_ENABLE_MODULES = YES;
				CLANG_ENABLE_OBJC_ARC = YES;
				CLANG_WARN_BOOL_CONVERSION = YES;
				CLANG_WARN_CONSTANT_CONVERSION = YES;
				CLANG_WARN_DIRECT_OBJC_ISA_USAGE = YES_ERROR;
				CLANG_WARN_EMPTY_BODY = YES;
				CLANG_WARN_ENUM_CONVERSION = YES;
				CLANG_WARN_INT_CONVERSION = YES;
				CLANG_WARN_OBJC_ROOT_CLASS = YES_ERROR;
				CLANG_WARN_UNREACHABLE_CODE = YES;
				CLANG_WARN__DUPLICATE_METHOD_MATCH = YES;
				"CODE_SIGN_IDENTITY[sdk=iphoneos*]" = "iPhone Developer";
				COPY_PHASE_STRIP = NO;
				ENABLE_NS_ASSERTIONS = NO;
				ENABLE_STRICT_OBJC_MSGSEND = YES;
				GCC_C_LANGUAGE_STANDARD = gnu99;
				GCC_WARN_64_TO_32_BIT_CONVERSION = YES;
				GCC_WARN_ABOUT_RETURN_TYPE = YES_ERROR;
				GCC_WARN_UNDECLARED_SELECTOR = YES;
				GCC_WARN_UNINITIALIZED_AUTOS = YES_AGGRESSIVE;
				GCC_WARN_UNUSED_FUNCTION = YES;
				GCC_WARN_UNUSED_VARIABLE = YES;
				IPHONEOS_DEPLOYMENT_TARGET = 8.2;
				MTL_ENABLE_DEBUG_INFO = NO;
				SDKROOT = iphoneos;
				VALIDATE_PRODUCT = YES;
			};
			name = Release;
		};
		8DBA95B21AD4A94100D0218F /* Debug */ = {
			isa = XCBuildConfiguration;
			buildSettings = {
				ASSETCATALOG_COMPILER_APPICON_NAME = AppIcon;
				INFOPLIST_FILE = viewOrientation/Info.plist;
				LD_RUNPATH_SEARCH_PATHS = "$(inherited) @executable_path/Frameworks";
				PRODUCT_NAME = "$(TARGET_NAME)";
			};
			name = Debug;
		};
		8DBA95B31AD4A94100D0218F /* Release */ = {
			isa = XCBuildConfiguration;
			buildSettings = {
				ASSETCATALOG_COMPILER_APPICON_NAME = AppIcon;
				INFOPLIST_FILE = viewOrientation/Info.plist;
				LD_RUNPATH_SEARCH_PATHS = "$(inherited) @executable_path/Frameworks";
				PRODUCT_NAME = "$(TARGET_NAME)";
			};
			name = Release;
		};
		8DBA95B51AD4A94100D0218F /* Debug */ = {
			isa = XCBuildConfiguration;
			buildSettings = {
				BUNDLE_LOADER = "$(TEST_HOST)";
				FRAMEWORK_SEARCH_PATHS = (
					"$(SDKROOT)/Developer/Library/Frameworks",
					"$(inherited)",
				);
				GCC_PREPROCESSOR_DEFINITIONS = (
					"DEBUG=1",
					"$(inherited)",
				);
				INFOPLIST_FILE = viewOrientationTests/Info.plist;
				LD_RUNPATH_SEARCH_PATHS = "$(inherited) @executable_path/Frameworks @loader_path/Frameworks";
				PRODUCT_NAME = "$(TARGET_NAME)";
				TEST_HOST = "$(BUILT_PRODUCTS_DIR)/viewOrientation.app/viewOrientation";
			};
			name = Debug;
		};
		8DBA95B61AD4A94100D0218F /* Release */ = {
			isa = XCBuildConfiguration;
			buildSettings = {
				BUNDLE_LOADER = "$(TEST_HOST)";
				FRAMEWORK_SEARCH_PATHS = (
					"$(SDKROOT)/Developer/Library/Frameworks",
					"$(inherited)",
				);
				INFOPLIST_FILE = viewOrientationTests/Info.plist;
				LD_RUNPATH_SEARCH_PATHS = "$(inherited) @executable_path/Frameworks @loader_path/Frameworks";
				PRODUCT_NAME = "$(TARGET_NAME)";
				TEST_HOST = "$(BUILT_PRODUCTS_DIR)/viewOrientation.app/viewOrientation";
			};
			name = Release;
		};
/* End XCBuildConfiguration section */

/* Begin XCConfigurationList section */
		8DBA958D1AD4A94100D0218F /* Build configuration list for PBXProject "viewOrientation" */ = {
			isa = XCConfigurationList;
			buildConfigurations = (
				8DBA95AF1AD4A94100D0218F /* Debug */,
				8DBA95B01AD4A94100D0218F /* Release */,
			);
			defaultConfigurationIsVisible = 0;
			defaultConfigurationName = Release;
		};
		8DBA95B11AD4A94100D0218F /* Build configuration list for PBXNativeTarget "viewOrientation" */ = {
			isa = XCConfigurationList;
			buildConfigurations = (
				8DBA95B21AD4A94100D0218F /* Debug */,
				8DBA95B31AD4A94100D0218F /* Release */,
			);
			defaultConfigurationIsVisible = 0;
		};
		8DBA95B41AD4A94100D0218F /* Build configuration list for PBXNativeTarget "viewOrientationTests" */ = {
			isa = XCConfigurationList;
			buildConfigurations = (
				8DBA95B51AD4A94100D0218F /* Debug */,
				8DBA95B61AD4A94100D0218F /* Release */,
			);
			defaultConfigurationIsVisible = 0;
		};
/* End XCConfigurationList section */
	};
	rootObject = 8DBA958A1AD4A94100D0218F /* Project object */;
}
